// !$*UTF8*$!
{
	archiveVersion = 1;
	classes = {
	};
	objectVersion = 50;
	objects = {

/* Begin PBXBuildFile section */
		710A265C20AFD1F500D0F0CB /* AppDelegate.m in Sources */ = {isa = PBXBuildFile; fileRef = 710A265B20AFD1F500D0F0CB /* AppDelegate.m */; };
		710A265F20AFD1F500D0F0CB /* ViewController.m in Sources */ = {isa = PBXBuildFile; fileRef = 710A265E20AFD1F500D0F0CB /* ViewController.m */; };
		710A266120AFD1F900D0F0CB /* Assets.xcassets in Resources */ = {isa = PBXBuildFile; fileRef = 710A266020AFD1F900D0F0CB /* Assets.xcassets */; };
		710A266420AFD1F900D0F0CB /* Main.storyboard in Resources */ = {isa = PBXBuildFile; fileRef = 710A266220AFD1F900D0F0CB /* Main.storyboard */; };
		710A266720AFD1F900D0F0CB /* main.m in Sources */ = {isa = PBXBuildFile; fileRef = 710A266620AFD1F900D0F0CB /* main.m */; };
		710A267120AFD26800D0F0CB /* LICENSE in Resources */ = {isa = PBXBuildFile; fileRef = 710A266F20AFD26700D0F0CB /* LICENSE */; };
		710A267220AFD26800D0F0CB /* README.md in Resources */ = {isa = PBXBuildFile; fileRef = 710A267020AFD26700D0F0CB /* README.md */; };
		710A267420AFD3F900D0F0CB /* Credits.rtf in Resources */ = {isa = PBXBuildFile; fileRef = 710A267320AFD3F800D0F0CB /* Credits.rtf */; };
		710A267920AFD4A000D0F0CB /* libfarkle.a in Frameworks */ = {isa = PBXBuildFile; fileRef = 710A267720AFD4A000D0F0CB /* libfarkle.a */; };
		710A267C20AFDD2800D0F0CB /* DieView.m in Sources */ = {isa = PBXBuildFile; fileRef = 710A267B20AFDD2800D0F0CB /* DieView.m */; };
		710A268420AFE2FC00D0F0CB /* 1.png in Resources */ = {isa = PBXBuildFile; fileRef = 710A267E20AFE2FC00D0F0CB /* 1.png */; };
		710A268520AFE2FC00D0F0CB /* 2.png in Resources */ = {isa = PBXBuildFile; fileRef = 710A267F20AFE2FC00D0F0CB /* 2.png */; };
		710A268620AFE2FC00D0F0CB /* 3.png in Resources */ = {isa = PBXBuildFile; fileRef = 710A268020AFE2FC00D0F0CB /* 3.png */; };
		710A268720AFE2FC00D0F0CB /* 4.png in Resources */ = {isa = PBXBuildFile; fileRef = 710A268120AFE2FC00D0F0CB /* 4.png */; };
		710A268820AFE2FC00D0F0CB /* 5.png in Resources */ = {isa = PBXBuildFile; fileRef = 710A268220AFE2FC00D0F0CB /* 5.png */; };
		710A268920AFE2FC00D0F0CB /* 6.png in Resources */ = {isa = PBXBuildFile; fileRef = 710A268320AFE2FC00D0F0CB /* 6.png */; };
		710A268C20B10BC800D0F0CB /* NewGameController.m in Sources */ = {isa = PBXBuildFile; fileRef = 710A268B20B10BC800D0F0CB /* NewGameController.m */; };
		7115753420C39D4B00AEC025 /* HighScoreManager.m in Sources */ = {isa = PBXBuildFile; fileRef = 7115753320C39D4B00AEC025 /* HighScoreManager.m */; };
/* End PBXBuildFile section */

/* Begin PBXFileReference section */
		710A265720AFD1F500D0F0CB /* Farkle.app */ = {isa = PBXFileReference; explicitFileType = wrapper.application; includeInIndex = 0; path = Farkle.app; sourceTree = BUILT_PRODUCTS_DIR; };
		710A265A20AFD1F500D0F0CB /* AppDelegate.h */ = {isa = PBXFileReference; lastKnownFileType = sourcecode.c.h; path = AppDelegate.h; sourceTree = "<group>"; };
		710A265B20AFD1F500D0F0CB /* AppDelegate.m */ = {isa = PBXFileReference; lastKnownFileType = sourcecode.c.objc; path = AppDelegate.m; sourceTree = "<group>"; };
		710A265D20AFD1F500D0F0CB /* ViewController.h */ = {isa = PBXFileReference; lastKnownFileType = sourcecode.c.h; path = ViewController.h; sourceTree = "<group>"; };
		710A265E20AFD1F500D0F0CB /* ViewController.m */ = {isa = PBXFileReference; lastKnownFileType = sourcecode.c.objc; path = ViewController.m; sourceTree = "<group>"; };
		710A266020AFD1F900D0F0CB /* Assets.xcassets */ = {isa = PBXFileReference; lastKnownFileType = folder.assetcatalog; path = Assets.xcassets; sourceTree = "<group>"; };
		710A266320AFD1F900D0F0CB /* Base */ = {isa = PBXFileReference; lastKnownFileType = file.storyboard; name = Base; path = Base.lproj/Main.storyboard; sourceTree = "<group>"; };
		710A266520AFD1F900D0F0CB /* Info.plist */ = {isa = PBXFileReference; lastKnownFileType = text.plist.xml; path = Info.plist; sourceTree = "<group>"; };
		710A266620AFD1F900D0F0CB /* main.m */ = {isa = PBXFileReference; lastKnownFileType = sourcecode.c.objc; path = main.m; sourceTree = "<group>"; };
		710A266820AFD1F900D0F0CB /* Farkle.entitlements */ = {isa = PBXFileReference; lastKnownFileType = text.plist.entitlements; path = Farkle.entitlements; sourceTree = "<group>"; };
		710A266F20AFD26700D0F0CB /* LICENSE */ = {isa = PBXFileReference; fileEncoding = 4; lastKnownFileType = text; path = LICENSE; sourceTree = "<group>"; };
		710A267020AFD26700D0F0CB /* README.md */ = {isa = PBXFileReference; fileEncoding = 4; lastKnownFileType = net.daringfireball.markdown; path = README.md; sourceTree = "<group>"; };
		710A267320AFD3F800D0F0CB /* Credits.rtf */ = {isa = PBXFileReference; fileEncoding = 4; lastKnownFileType = text.rtf; name = Credits.rtf; path = Farkle/Credits.rtf; sourceTree = "<group>"; };
		710A267720AFD4A000D0F0CB /* libfarkle.a */ = {isa = PBXFileReference; lastKnownFileType = archive.ar; path = libfarkle.a; sourceTree = "<group>"; };
		710A267820AFD4A000D0F0CB /* libfarkle.h */ = {isa = PBXFileReference; fileEncoding = 4; lastKnownFileType = sourcecode.c.h; path = libfarkle.h; sourceTree = "<group>"; };
		710A267A20AFDD2800D0F0CB /* DieView.h */ = {isa = PBXFileReference; lastKnownFileType = sourcecode.c.h; path = DieView.h; sourceTree = "<group>"; };
		710A267B20AFDD2800D0F0CB /* DieView.m */ = {isa = PBXFileReference; lastKnownFileType = sourcecode.c.objc; path = DieView.m; sourceTree = "<group>"; };
		710A267E20AFE2FC00D0F0CB /* 1.png */ = {isa = PBXFileReference; lastKnownFileType = image.png; path = 1.png; sourceTree = "<group>"; };
		710A267F20AFE2FC00D0F0CB /* 2.png */ = {isa = PBXFileReference; lastKnownFileType = image.png; path = 2.png; sourceTree = "<group>"; };
		710A268020AFE2FC00D0F0CB /* 3.png */ = {isa = PBXFileReference; lastKnownFileType = image.png; path = 3.png; sourceTree = "<group>"; };
		710A268120AFE2FC00D0F0CB /* 4.png */ = {isa = PBXFileReference; lastKnownFileType = image.png; path = 4.png; sourceTree = "<group>"; };
		710A268220AFE2FC00D0F0CB /* 5.png */ = {isa = PBXFileReference; lastKnownFileType = image.png; path = 5.png; sourceTree = "<group>"; };
		710A268320AFE2FC00D0F0CB /* 6.png */ = {isa = PBXFileReference; lastKnownFileType = image.png; path = 6.png; sourceTree = "<group>"; };
		710A268A20B10BC800D0F0CB /* NewGameController.h */ = {isa = PBXFileReference; lastKnownFileType = sourcecode.c.h; path = NewGameController.h; sourceTree = "<group>"; };
		710A268B20B10BC800D0F0CB /* NewGameController.m */ = {isa = PBXFileReference; lastKnownFileType = sourcecode.c.objc; path = NewGameController.m; sourceTree = "<group>"; };
		7115753220C39D4B00AEC025 /* HighScoreManager.h */ = {isa = PBXFileReference; lastKnownFileType = sourcecode.c.h; path = HighScoreManager.h; sourceTree = "<group>"; };
		7115753320C39D4B00AEC025 /* HighScoreManager.m */ = {isa = PBXFileReference; lastKnownFileType = sourcecode.c.objc; path = HighScoreManager.m; sourceTree = "<group>"; };
/* End PBXFileReference section */

/* Begin PBXFrameworksBuildPhase section */
		710A265420AFD1F500D0F0CB /* Frameworks */ = {
			isa = PBXFrameworksBuildPhase;
			buildActionMask = 2147483647;
			files = (
				710A267920AFD4A000D0F0CB /* libfarkle.a in Frameworks */,
			);
			runOnlyForDeploymentPostprocessing = 0;
		};
/* End PBXFrameworksBuildPhase section */

/* Begin PBXGroup section */
		710A264E20AFD1F500D0F0CB = {
			isa = PBXGroup;
			children = (
				710A267D20AFE2FC00D0F0CB /* Dice */,
				710A267520AFD42E00D0F0CB /* lib */,
				710A266E20AFD26200D0F0CB /* Meta */,
				710A265920AFD1F500D0F0CB /* Farkle */,
				710A265820AFD1F500D0F0CB /* Products */,
			);
			sourceTree = "<group>";
		};
		710A265820AFD1F500D0F0CB /* Products */ = {
			isa = PBXGroup;
			children = (
				710A265720AFD1F500D0F0CB /* Farkle.app */,
			);
			name = Products;
			sourceTree = "<group>";
		};
		710A265920AFD1F500D0F0CB /* Farkle */ = {
			isa = PBXGroup;
			children = (
				710A265A20AFD1F500D0F0CB /* AppDelegate.h */,
				710A265B20AFD1F500D0F0CB /* AppDelegate.m */,
				710A265D20AFD1F500D0F0CB /* ViewController.h */,
				710A265E20AFD1F500D0F0CB /* ViewController.m */,
				710A267A20AFDD2800D0F0CB /* DieView.h */,
				710A267B20AFDD2800D0F0CB /* DieView.m */,
				710A268A20B10BC800D0F0CB /* NewGameController.h */,
				710A268B20B10BC800D0F0CB /* NewGameController.m */,
				710A266020AFD1F900D0F0CB /* Assets.xcassets */,
				710A266220AFD1F900D0F0CB /* Main.storyboard */,
				710A266520AFD1F900D0F0CB /* Info.plist */,
				710A266620AFD1F900D0F0CB /* main.m */,
				710A266820AFD1F900D0F0CB /* Farkle.entitlements */,
				7115753220C39D4B00AEC025 /* HighScoreManager.h */,
				7115753320C39D4B00AEC025 /* HighScoreManager.m */,
			);
			path = Farkle;
			sourceTree = "<group>";
		};
		710A266E20AFD26200D0F0CB /* Meta */ = {
			isa = PBXGroup;
			children = (
				710A267320AFD3F800D0F0CB /* Credits.rtf */,
				710A266F20AFD26700D0F0CB /* LICENSE */,
				710A267020AFD26700D0F0CB /* README.md */,
			);
			name = Meta;
			sourceTree = "<group>";
		};
		710A267520AFD42E00D0F0CB /* lib */ = {
			isa = PBXGroup;
			children = (
				710A267720AFD4A000D0F0CB /* libfarkle.a */,
				710A267820AFD4A000D0F0CB /* libfarkle.h */,
			);
			path = lib;
			sourceTree = "<group>";
		};
		710A267D20AFE2FC00D0F0CB /* Dice */ = {
			isa = PBXGroup;
			children = (
				710A267E20AFE2FC00D0F0CB /* 1.png */,
				710A267F20AFE2FC00D0F0CB /* 2.png */,
				710A268020AFE2FC00D0F0CB /* 3.png */,
				710A268120AFE2FC00D0F0CB /* 4.png */,
				710A268220AFE2FC00D0F0CB /* 5.png */,
				710A268320AFE2FC00D0F0CB /* 6.png */,
			);
			path = Dice;
			sourceTree = "<group>";
		};
/* End PBXGroup section */

/* Begin PBXNativeTarget section */
		710A265620AFD1F500D0F0CB /* Farkle */ = {
			isa = PBXNativeTarget;
			buildConfigurationList = 710A266B20AFD1F900D0F0CB /* Build configuration list for PBXNativeTarget "Farkle" */;
			buildPhases = (
				710A265320AFD1F500D0F0CB /* Sources */,
				710A265420AFD1F500D0F0CB /* Frameworks */,
				710A265520AFD1F500D0F0CB /* Resources */,
			);
			buildRules = (
			);
			dependencies = (
			);
			name = Farkle;
			productName = Farkle;
			productReference = 710A265720AFD1F500D0F0CB /* Farkle.app */;
			productType = "com.apple.product-type.application";
		};
/* End PBXNativeTarget section */

/* Begin PBXProject section */
		710A264F20AFD1F500D0F0CB /* Project object */ = {
			isa = PBXProject;
			attributes = {
				LastUpgradeCheck = 0930;
				ORGANIZATIONNAME = Arc676;
				TargetAttributes = {
					710A265620AFD1F500D0F0CB = {
						CreatedOnToolsVersion = 9.3.1;
						SystemCapabilities = {
							com.apple.Sandbox = {
								enabled = 1;
							};
						};
					};
				};
			};
			buildConfigurationList = 710A265220AFD1F500D0F0CB /* Build configuration list for PBXProject "Farkle" */;
			compatibilityVersion = "Xcode 9.3";
			developmentRegion = en;
			hasScannedForEncodings = 0;
			knownRegions = (
				en,
				Base,
			);
			mainGroup = 710A264E20AFD1F500D0F0CB;
			productRefGroup = 710A265820AFD1F500D0F0CB /* Products */;
			projectDirPath = "";
			projectRoot = "";
			targets = (
				710A265620AFD1F500D0F0CB /* Farkle */,
			);
		};
/* End PBXProject section */

/* Begin PBXResourcesBuildPhase section */
		710A265520AFD1F500D0F0CB /* Resources */ = {
			isa = PBXResourcesBuildPhase;
			buildActionMask = 2147483647;
			files = (
				710A268920AFE2FC00D0F0CB /* 6.png in Resources */,
				710A268720AFE2FC00D0F0CB /* 4.png in Resources */,
				710A268820AFE2FC00D0F0CB /* 5.png in Resources */,
				710A267420AFD3F900D0F0CB /* Credits.rtf in Resources */,
				710A267120AFD26800D0F0CB /* LICENSE in Resources */,
				710A268520AFE2FC00D0F0CB /* 2.png in Resources */,
				710A268620AFE2FC00D0F0CB /* 3.png in Resources */,
				710A266120AFD1F900D0F0CB /* Assets.xcassets in Resources */,
				710A268420AFE2FC00D0F0CB /* 1.png in Resources */,
				710A267220AFD26800D0F0CB /* README.md in Resources */,
				710A266420AFD1F900D0F0CB /* Main.storyboard in Resources */,
			);
			runOnlyForDeploymentPostprocessing = 0;
		};
/* End PBXResourcesBuildPhase section */

/* Begin PBXSourcesBuildPhase section */
		710A265320AFD1F500D0F0CB /* Sources */ = {
			isa = PBXSourcesBuildPhase;
			buildActionMask = 2147483647;
			files = (
				710A268C20B10BC800D0F0CB /* NewGameController.m in Sources */,
				710A265F20AFD1F500D0F0CB /* ViewController.m in Sources */,
				710A267C20AFDD2800D0F0CB /* DieView.m in Sources */,
				710A266720AFD1F900D0F0CB /* main.m in Sources */,
				7115753420C39D4B00AEC025 /* HighScoreManager.m in Sources */,
				710A265C20AFD1F500D0F0CB /* AppDelegate.m in Sources */,
			);
			runOnlyForDeploymentPostprocessing = 0;
		};
/* End PBXSourcesBuildPhase section */

/* Begin PBXVariantGroup section */
		710A266220AFD1F900D0F0CB /* Main.storyboard */ = {
			isa = PBXVariantGroup;
			children = (
				710A266320AFD1F900D0F0CB /* Base */,
			);
			name = Main.storyboard;
			sourceTree = "<group>";
		};
/* End PBXVariantGroup section */

/* Begin XCBuildConfiguration section */
		710A266920AFD1F900D0F0CB /* Debug */ = {
			isa = XCBuildConfiguration;
			buildSettings = {
				ALWAYS_SEARCH_USER_PATHS = NO;
				CLANG_ANALYZER_NONNULL = YES;
				CLANG_ANALYZER_NUMBER_OBJECT_CONVERSION = YES_AGGRESSIVE;
				CLANG_CXX_LANGUAGE_STANDARD = "gnu++14";
				CLANG_CXX_LIBRARY = "libc++";
				CLANG_ENABLE_MODULES = YES;
				CLANG_ENABLE_OBJC_ARC = YES;
				CLANG_ENABLE_OBJC_WEAK = YES;
				CLANG_WARN_BLOCK_CAPTURE_AUTORELEASING = YES;
				CLANG_WARN_BOOL_CONVERSION = YES;
				CLANG_WARN_COMMA = YES;
				CLANG_WARN_CONSTANT_CONVERSION = YES;
				CLANG_WARN_DEPRECATED_OBJC_IMPLEMENTATIONS = YES;
				CLANG_WARN_DIRECT_OBJC_ISA_USAGE = YES_ERROR;
				CLANG_WARN_DOCUMENTATION_COMMENTS = YES;
				CLANG_WARN_EMPTY_BODY = YES;
				CLANG_WARN_ENUM_CONVERSION = YES;
				CLANG_WARN_INFINITE_RECURSION = YES;
				CLANG_WARN_INT_CONVERSION = YES;
				CLANG_WARN_NON_LITERAL_NULL_CONVERSION = YES;
				CLANG_WARN_OBJC_IMPLICIT_RETAIN_SELF = YES;
				CLANG_WARN_OBJC_LITERAL_CONVERSION = YES;
				CLANG_WARN_OBJC_ROOT_CLASS = YES_ERROR;
				CLANG_WARN_RANGE_LOOP_ANALYSIS = YES;
				CLANG_WARN_STRICT_PROTOTYPES = YES;
				CLANG_WARN_SUSPICIOUS_MOVE = YES;
				CLANG_WARN_UNGUARDED_AVAILABILITY = YES_AGGRESSIVE;
				CLANG_WARN_UNREACHABLE_CODE = YES;
				CLANG_WARN__DUPLICATE_METHOD_MATCH = YES;
				CODE_SIGN_IDENTITY = "Mac Developer";
				COPY_PHASE_STRIP = NO;
				DEBUG_INFORMATION_FORMAT = dwarf;
				ENABLE_STRICT_OBJC_MSGSEND = YES;
				ENABLE_TESTABILITY = YES;
				GCC_C_LANGUAGE_STANDARD = gnu11;
				GCC_DYNAMIC_NO_PIC = NO;
				GCC_NO_COMMON_BLOCKS = YES;
				GCC_OPTIMIZATION_LEVEL = 0;
				GCC_PREPROCESSOR_DEFINITIONS = (
					"DEBUG=1",
					"$(inherited)",
				);
				GCC_WARN_64_TO_32_BIT_CONVERSION = YES;
				GCC_WARN_ABOUT_RETURN_TYPE = YES_ERROR;
				GCC_WARN_UNDECLARED_SELECTOR = YES;
				GCC_WARN_UNINITIALIZED_AUTOS = YES_AGGRESSIVE;
				GCC_WARN_UNUSED_FUNCTION = YES;
				GCC_WARN_UNUSED_VARIABLE = YES;
				MACOSX_DEPLOYMENT_TARGET = 10.13;
				MTL_ENABLE_DEBUG_INFO = YES;
				ONLY_ACTIVE_ARCH = YES;
				SDKROOT = macosx;
			};
			name = Debug;
		};
		710A266A20AFD1F900D0F0CB /* Release */ = {
			isa = XCBuildConfiguration;
			buildSettings = {
				ALWAYS_SEARCH_USER_PATHS = NO;
				CLANG_ANALYZER_NONNULL = YES;
				CLANG_ANALYZER_NUMBER_OBJECT_CONVERSION = YES_AGGRESSIVE;
				CLANG_CXX_LANGUAGE_STANDARD = "gnu++14";
				CLANG_CXX_LIBRARY = "libc++";
				CLANG_ENABLE_MODULES = YES;
				CLANG_ENABLE_OBJC_ARC = YES;
				CLANG_ENABLE_OBJC_WEAK = YES;
				CLANG_WARN_BLOCK_CAPTURE_AUTORELEASING = YES;
				CLANG_WARN_BOOL_CONVERSION = YES;
				CLANG_WARN_COMMA = YES;
				CLANG_WARN_CONSTANT_CONVERSION = YES;
				CLANG_WARN_DEPRECATED_OBJC_IMPLEMENTATIONS = YES;
				CLANG_WARN_DIRECT_OBJC_ISA_USAGE = YES_ERROR;
				CLANG_WARN_DOCUMENTATION_COMMENTS = YES;
				CLANG_WARN_EMPTY_BODY = YES;
				CLANG_WARN_ENUM_CONVERSION = YES;
				CLANG_WARN_INFINITE_RECURSION = YES;
				CLANG_WARN_INT_CONVERSION = YES;
				CLANG_WARN_NON_LITERAL_NULL_CONVERSION = YES;
				CLANG_WARN_OBJC_IMPLICIT_RETAIN_SELF = YES;
				CLANG_WARN_OBJC_LITERAL_CONVERSION = YES;
				CLANG_WARN_OBJC_ROOT_CLASS = YES_ERROR;
				CLANG_WARN_RANGE_LOOP_ANALYSIS = YES;
				CLANG_WARN_STRICT_PROTOTYPES = YES;
				CLANG_WARN_SUSPICIOUS_MOVE = YES;
				CLANG_WARN_UNGUARDED_AVAILABILITY = YES_AGGRESSIVE;
				CLANG_WARN_UNREACHABLE_CODE = YES;
				CLANG_WARN__DUPLICATE_METHOD_MATCH = YES;
				CODE_SIGN_IDENTITY = "Mac Developer";
				COPY_PHASE_STRIP = NO;
				DEBUG_INFORMATION_FORMAT = "dwarf-with-dsym";
				ENABLE_NS_ASSERTIONS = NO;
				ENABLE_STRICT_OBJC_MSGSEND = YES;
				GCC_C_LANGUAGE_STANDARD = gnu11;
				GCC_NO_COMMON_BLOCKS = YES;
				GCC_WARN_64_TO_32_BIT_CONVERSION = YES;
				GCC_WARN_ABOUT_RETURN_TYPE = YES_ERROR;
				GCC_WARN_UNDECLARED_SELECTOR = YES;
				GCC_WARN_UNINITIALIZED_AUTOS = YES_AGGRESSIVE;
				GCC_WARN_UNUSED_FUNCTION = YES;
				GCC_WARN_UNUSED_VARIABLE = YES;
				MACOSX_DEPLOYMENT_TARGET = 10.13;
				MTL_ENABLE_DEBUG_INFO = NO;
				SDKROOT = macosx;
			};
			name = Release;
		};
		710A266C20AFD1F900D0F0CB /* Debug */ = {
			isa = XCBuildConfiguration;
			buildSettings = {
				ASSETCATALOG_COMPILER_APPICON_NAME = AppIcon;
				CODE_SIGN_ENTITLEMENTS = Farkle/Farkle.entitlements;
				CODE_SIGN_STYLE = Automatic;
				COMBINE_HIDPI_IMAGES = YES;
				DEVELOPMENT_TEAM = T42F23M422;
				HEADER_SEARCH_PATHS = inc/;
				INFOPLIST_FILE = Farkle/Info.plist;
				LD_RUNPATH_SEARCH_PATHS = (
					"$(inherited)",
					"@executable_path/../Frameworks",
				);
				LIBRARY_SEARCH_PATHS = (
					"$(inherited)",
					"$(PROJECT_DIR)/lib",
				);
				MACOSX_DEPLOYMENT_TARGET = 10.10;
				PRODUCT_BUNDLE_IDENTIFIER = com.Arc676.Farkle;
				PRODUCT_NAME = "$(TARGET_NAME)";
			};
			name = Debug;
		};
		710A266D20AFD1F900D0F0CB /* Release */ = {
			isa = XCBuildConfiguration;
			buildSettings = {
				ASSETCATALOG_COMPILER_APPICON_NAME = AppIcon;
				CODE_SIGN_ENTITLEMENTS = Farkle/Farkle.entitlements;
				CODE_SIGN_STYLE = Automatic;
				COMBINE_HIDPI_IMAGES = YES;
				DEVELOPMENT_TEAM = T42F23M422;
				HEADER_SEARCH_PATHS = inc/;
				INFOPLIST_FILE = Farkle/Info.plist;
				LD_RUNPATH_SEARCH_PATHS = (
					"$(inherited)",
					"@executable_path/../Frameworks",
				);
				LIBRARY_SEARCH_PATHS = (
					"$(inherited)",
					"$(PROJECT_DIR)/lib",
				);
				MACOSX_DEPLOYMENT_TARGET = 10.10;
				PRODUCT_BUNDLE_IDENTIFIER = com.Arc676.Farkle;
				PRODUCT_NAME = "$(TARGET_NAME)";
			};
			name = Release;
		};
/* End XCBuildConfiguration section */

/* Begin XCConfigurationList section */
		710A265220AFD1F500D0F0CB /* Build configuration list for PBXProject "Farkle" */ = {
			isa = XCConfigurationList;
			buildConfigurations = (
				710A266920AFD1F900D0F0CB /* Debug */,
				710A266A20AFD1F900D0F0CB /* Release */,
			);
			defaultConfigurationIsVisible = 0;
			defaultConfigurationName = Release;
		};
		710A266B20AFD1F900D0F0CB /* Build configuration list for PBXNativeTarget "Farkle" */ = {
			isa = XCConfigurationList;
			buildConfigurations = (
				710A266C20AFD1F900D0F0CB /* Debug */,
				710A266D20AFD1F900D0F0CB /* Release */,
			);
			defaultConfigurationIsVisible = 0;
			defaultConfigurationName = Release;
		};
/* End XCConfigurationList section */
	};
	rootObject = 710A264F20AFD1F500D0F0CB /* Project object */;
}
